
Microsoft Visual Studio Solution File, Format Version 12.00
# Visual Studio Version 17
VisualStudioVersion = 17.0.32014.148
MinimumVisualStudioVersion = 10.0.40219.1
Project("{FAE04EC0-301F-11D3-BF4B-00C04F79EFBC}") = "WebApplication_LoginDataCrudOperation", "WebApplication_LoginDataCrudOperation\WebApplication_LoginDataCrudOperation.csproj", "{F25FFA45-252E-4083-AA72-0E8CE592A995}"
EndProject
Global
	GlobalSection(SolutionConfigurationPlatforms) = preSolution
		Debug|Any CPU = Debug|Any CPU
		Release|Any CPU = Release|Any CPU
	EndGlobalSection
	GlobalSection(ProjectConfigurationPlatforms) = postSolution
		{F25FFA45-252E-4083-AA72-0E8CE592A995}.Debug|Any CPU.ActiveCfg = Debug|Any CPU
		{F25FFA45-252E-4083-AA72-0E8CE592A995}.Debug|Any CPU.Build.0 = Debug|Any CPU
		{F25FFA45-252E-4083-AA72-0E8CE592A995}.Release|Any CPU.ActiveCfg = Release|Any CPU
		{F25FFA45-252E-4083-AA72-0E8CE592A995}.Release|Any CPU.Build.0 = Release|Any CPU
	EndGlobalSection
	GlobalSection(SolutionProperties) = preSolution
		HideSolutionNode = FALSE
	EndGlobalSection
	GlobalSection(ExtensibilityGlobals) = postSolution
		SolutionGuid = {956A9D94-4E0D-484D-AED0-D241313BDEEE}
	EndGlobalSection
EndGlobal
